
Microsoft Visual Studio Solution File, Format Version 12.00
# Visual Studio Version 17
VisualStudioVersion = 17.4.33122.133
MinimumVisualStudioVersion = 10.0.40219.1
Project("{FAE04EC0-301F-11D3-BF4B-00C04F79EFBC}") = "FileIO_Operations", "FileIO_Operations.csproj", "{C55E4E48-507D-4864-A5D0-E3D73465E5F4}"
EndProject
Global
	GlobalSection(SolutionConfigurationPlatforms) = preSolution
		Debug|Any CPU = Debug|Any CPU
		Release|Any CPU = Release|Any CPU
	EndGlobalSection
	GlobalSection(ProjectConfigurationPlatforms) = postSolution
		{C55E4E48-507D-4864-A5D0-E3D73465E5F4}.Debug|Any CPU.ActiveCfg = Debug|Any CPU
		{C55E4E48-507D-4864-A5D0-E3D73465E5F4}.Debug|Any CPU.Build.0 = Debug|Any CPU
		{C55E4E48-507D-4864-A5D0-E3D73465E5F4}.Release|Any CPU.ActiveCfg = Release|Any CPU
		{C55E4E48-507D-4864-A5D0-E3D73465E5F4}.Release|Any CPU.Build.0 = Release|Any CPU
	EndGlobalSection
	GlobalSection(SolutionProperties) = preSolution
		HideSolutionNode = FALSE
	EndGlobalSection
	GlobalSection(ExtensibilityGlobals) = postSolution
		SolutionGuid = {C50D6B4F-F807-4193-B070-BA7845BF8403}
	EndGlobalSection
EndGlobal
